<Solution>
  <Folder Name="/src/">
    <Project Path="src/MdbToSql.Access/MdbToSql.Access.csproj" />
    <Project Path="src/MdbToSql.App/MdbToSql.App.csproj" />
    <Project Path="src/MdbToSql.Core/MdbToSql.Core.csproj" />
    <Project Path="src/MdbToSql.SqlServer/MdbToSql.SqlServer.csproj" />
  </Folder>
  <Folder Name="/tests/">
    <Project Path="tests/MdbToSql.Tests/MdbToSql.Tests.csproj" />
  </Folder>
</Solution>
